// !$*UTF8*$!
{
	archiveVersion = 1;
	classes = {
	};
	objectVersion = 110;
	objects = {

/* Begin PBXBuildFile section */
		45C49FAE305A340C007CE2E9 /* AppDelegate.swift in Sources */ = {isa = PBXBuildFile; fileRef = 45C49FAD305A340C007CE2E9 /* AppDelegate.swift */; };
		45C49FE2305A340D007CE2E9 /* AppLog.swift in Sources */ = {isa = PBXBuildFile; fileRef = 45C49FE1305A340D007CE2E9 /* AppLog.swift */; };
		45C49FE4305A340D007CE2E9 /* GestureInput.swift in Sources */ = {isa = PBXBuildFile; fileRef = 45C49FE3305A340D007CE2E9 /* GestureInput.swift */; };
		45C49FE6305A340D007CE2E9 /* TapRecognizer.swift in Sources */ = {isa = PBXBuildFile; fileRef = 45C49FE5305A340D007CE2E9 /* TapRecognizer.swift */; };
		45C49FE8305A340D007CE2E9 /* SafariBridge.swift in Sources */ = {isa = PBXBuildFile; fileRef = 45C49FE7305A340D007CE2E9 /* SafariBridge.swift */; };
		45C49FEA305A340D007CE2E9 /* EventSuppressor.swift in Sources */ = {isa = PBXBuildFile; fileRef = 45C49FE9305A340D007CE2E9 /* EventSuppressor.swift */; };
		45C49FEC305A340D007CE2E9 /* GestureEngine.swift in Sources */ = {isa = PBXBuildFile; fileRef = 45C49FEB305A340D007CE2E9 /* GestureEngine.swift */; };
		45C49FB2305A340C007CE2E9 /* Main.html in Resources */ = {isa = PBXBuildFile; fileRef = 45C49FB0305A340C007CE2E9 /* Main.html */; };
		45C49FB4305A340C007CE2E9 /* Icon.png in Resources */ = {isa = PBXBuildFile; fileRef = 45C49FB3305A340C007CE2E9 /* Icon.png */; };
		45C49FB6305A340C007CE2E9 /* Style.css in Resources */ = {isa = PBXBuildFile; fileRef = 45C49FB5305A340C007CE2E9 /* Style.css */; };
		45C49FB8305A340C007CE2E9 /* Script.js in Resources */ = {isa = PBXBuildFile; fileRef = 45C49FB7305A340C007CE2E9 /* Script.js */; };
		45C49FBA305A340C007CE2E9 /* ViewController.swift in Sources */ = {isa = PBXBuildFile; fileRef = 45C49FB9305A340C007CE2E9 /* ViewController.swift */; };
		45C49FBD305A340C007CE2E9 /* Main.storyboard in Resources */ = {isa = PBXBuildFile; fileRef = 45C49FBB305A340C007CE2E9 /* Main.storyboard */; };
		45C49FBF305A340D007CE2E9 /* Assets.xcassets in Resources */ = {isa = PBXBuildFile; fileRef = 45C49FBE305A340D007CE2E9 /* Assets.xcassets */; };
		45C49FC6305A340D007CE2E9 /* Safari Gesture Nav Extension.appex in Embed Foundation Extensions */ = {isa = PBXBuildFile; fileRef = 45C49FC5305A340D007CE2E9 /* Safari Gesture Nav Extension.appex */; settings = {ATTRIBUTES = (RemoveHeadersOnCopy, ); }; };
		45C49FCB305A340D007CE2E9 /* SafariWebExtensionHandler.swift in Sources */ = {isa = PBXBuildFile; fileRef = 45C49FCA305A340D007CE2E9 /* SafariWebExtensionHandler.swift */; };
		45C49FDA305A340D007CE2E9 /* background.js in Resources */ = {isa = PBXBuildFile; fileRef = 45C49FD7305A340D007CE2E9 /* background.js */; };
		45C49FDB305A340D007CE2E9 /* images in Resources */ = {isa = PBXBuildFile; fileRef = 45C49FD8305A340D007CE2E9 /* images */; };
		45C49FDC305A340D007CE2E9 /* manifest.json in Resources */ = {isa = PBXBuildFile; fileRef = 45C49FD9305A340D007CE2E9 /* manifest.json */; };
/* End PBXBuildFile section */

/* Begin PBXContainerItemProxy section */
		45C49FC7305A340D007CE2E9 /* PBXContainerItemProxy */ = {
			isa = PBXContainerItemProxy;
			containerPortal = 45C49FA2305A340C007CE2E9 /* Project object */;
			proxyType = 1;
			remoteGlobalIDString = 45C49FC4305A340D007CE2E9;
			remoteInfo = "Safari Gesture Nav Extension";
		};
/* End PBXContainerItemProxy section */

/* Begin PBXCopyFilesBuildPhase section */
		45C49FD2305A340D007CE2E9 /* Embed Foundation Extensions */ = {
			isa = PBXCopyFilesBuildPhase;
			dstPath = "";
			dstSubfolder = PlugIns;
			files = (
				45C49FC6305A340D007CE2E9 /* Safari Gesture Nav Extension.appex in Embed Foundation Extensions */,
			);
			name = "Embed Foundation Extensions";
		};
/* End PBXCopyFilesBuildPhase section */

/* Begin PBXFileReference section */
		45C49FAA305A340C007CE2E9 /* Safari Gesture Nav.app */ = {isa = PBXFileReference; explicitFileType = wrapper.application; includeInIndex = 0; path = "Safari Gesture Nav.app"; sourceTree = BUILT_PRODUCTS_DIR; };
		45C49FAD305A340C007CE2E9 /* AppDelegate.swift */ = {isa = PBXFileReference; lastKnownFileType = sourcecode.swift; path = AppDelegate.swift; sourceTree = "<group>"; };
		45C49FE1305A340D007CE2E9 /* AppLog.swift */ = {isa = PBXFileReference; lastKnownFileType = sourcecode.swift; path = AppLog.swift; sourceTree = "<group>"; };
		45C49FE3305A340D007CE2E9 /* GestureInput.swift */ = {isa = PBXFileReference; lastKnownFileType = sourcecode.swift; path = GestureInput.swift; sourceTree = "<group>"; };
		45C49FE5305A340D007CE2E9 /* TapRecognizer.swift */ = {isa = PBXFileReference; lastKnownFileType = sourcecode.swift; path = TapRecognizer.swift; sourceTree = "<group>"; };
		45C49FE7305A340D007CE2E9 /* SafariBridge.swift */ = {isa = PBXFileReference; lastKnownFileType = sourcecode.swift; path = SafariBridge.swift; sourceTree = "<group>"; };
		45C49FE9305A340D007CE2E9 /* EventSuppressor.swift */ = {isa = PBXFileReference; lastKnownFileType = sourcecode.swift; path = EventSuppressor.swift; sourceTree = "<group>"; };
		45C49FEB305A340D007CE2E9 /* GestureEngine.swift */ = {isa = PBXFileReference; lastKnownFileType = sourcecode.swift; path = GestureEngine.swift; sourceTree = "<group>"; };
		45C49FB1305A340C007CE2E9 /* Base */ = {isa = PBXFileReference; lastKnownFileType = text.html; name = Base; path = Base.lproj/Main.html; sourceTree = "<group>"; };
		45C49FB3305A340C007CE2E9 /* Icon.png */ = {isa = PBXFileReference; lastKnownFileType = image.png; path = Icon.png; sourceTree = "<group>"; };
		45C49FB5305A340C007CE2E9 /* Style.css */ = {isa = PBXFileReference; lastKnownFileType = text.css; path = Style.css; sourceTree = "<group>"; };
		45C49FB7305A340C007CE2E9 /* Script.js */ = {isa = PBXFileReference; lastKnownFileType = sourcecode.javascript; path = Script.js; sourceTree = "<group>"; };
		45C49FB9305A340C007CE2E9 /* ViewController.swift */ = {isa = PBXFileReference; lastKnownFileType = sourcecode.swift; path = ViewController.swift; sourceTree = "<group>"; };
		45C49FBC305A340C007CE2E9 /* Base */ = {isa = PBXFileReference; lastKnownFileType = file.storyboard; name = Base; path = Base.lproj/Main.storyboard; sourceTree = "<group>"; };
		45C49FBE305A340D007CE2E9 /* Assets.xcassets */ = {isa = PBXFileReference; lastKnownFileType = folder.assetcatalog; path = Assets.xcassets; sourceTree = "<group>"; };
		45C49FC0305A340D007CE2E9 /* Info.plist */ = {isa = PBXFileReference; lastKnownFileType = text.plist.xml; path = Info.plist; sourceTree = "<group>"; };
		45C49FC5305A340D007CE2E9 /* Safari Gesture Nav Extension.appex */ = {isa = PBXFileReference; explicitFileType = "wrapper.app-extension"; includeInIndex = 0; path = "Safari Gesture Nav Extension.appex"; sourceTree = BUILT_PRODUCTS_DIR; };
		45C49FCA305A340D007CE2E9 /* SafariWebExtensionHandler.swift */ = {isa = PBXFileReference; lastKnownFileType = sourcecode.swift; path = SafariWebExtensionHandler.swift; sourceTree = "<group>"; };
		45C49FCC305A340D007CE2E9 /* Info.plist */ = {isa = PBXFileReference; lastKnownFileType = text.plist.xml; path = Info.plist; sourceTree = "<group>"; };
		45C49FD7305A340D007CE2E9 /* background.js */ = {isa = PBXFileReference; lastKnownFileType = sourcecode.javascript; name = background.js; path = Resources/background.js; sourceTree = "<group>"; };
		45C49FD8305A340D007CE2E9 /* images */ = {isa = PBXFileReference; lastKnownFileType = folder; name = images; path = Resources/images; sourceTree = "<group>"; };
		45C49FD9305A340D007CE2E9 /* manifest.json */ = {isa = PBXFileReference; lastKnownFileType = text.json; name = manifest.json; path = Resources/manifest.json; sourceTree = "<group>"; };
/* End PBXFileReference section */

/* Begin PBXFrameworksBuildPhase section */
		45C49FA7305A340C007CE2E9 /* Frameworks */ = {
			isa = PBXFrameworksBuildPhase;
			files = (
			);
		};
		45C49FC2305A340D007CE2E9 /* Frameworks */ = {
			isa = PBXFrameworksBuildPhase;
			files = (
			);
		};
/* End PBXFrameworksBuildPhase section */

/* Begin PBXGroup section */
		45C49FA1305A340C007CE2E9 = {
			isa = PBXGroup;
			children = (
				45C49FAC305A340C007CE2E9 /* Safari Gesture Nav */,
				45C49FC9305A340D007CE2E9 /* Safari Gesture Nav Extension */,
				45C49FAB305A340C007CE2E9 /* Products */,
			);
			sourceTree = "<group>";
		};
		45C49FAB305A340C007CE2E9 /* Products */ = {
			isa = PBXGroup;
			children = (
				45C49FAA305A340C007CE2E9 /* Safari Gesture Nav.app */,
				45C49FC5305A340D007CE2E9 /* Safari Gesture Nav Extension.appex */,
			);
			name = Products;
			sourceTree = "<group>";
		};
		45C49FAC305A340C007CE2E9 /* Safari Gesture Nav */ = {
			isa = PBXGroup;
			children = (
				45C49FAD305A340C007CE2E9 /* AppDelegate.swift */,
				45C49FE1305A340D007CE2E9 /* AppLog.swift */,
				45C49FE3305A340D007CE2E9 /* GestureInput.swift */,
				45C49FE5305A340D007CE2E9 /* TapRecognizer.swift */,
				45C49FE7305A340D007CE2E9 /* SafariBridge.swift */,
				45C49FE9305A340D007CE2E9 /* EventSuppressor.swift */,
				45C49FEB305A340D007CE2E9 /* GestureEngine.swift */,
				45C49FB9305A340C007CE2E9 /* ViewController.swift */,
				45C49FBB305A340C007CE2E9 /* Main.storyboard */,
				45C49FBE305A340D007CE2E9 /* Assets.xcassets */,
				45C49FC0305A340D007CE2E9 /* Info.plist */,
				45C49FAF305A340C007CE2E9 /* Resources */,
			);
			path = "Safari Gesture Nav";
			sourceTree = "<group>";
		};
		45C49FAF305A340C007CE2E9 /* Resources */ = {
			isa = PBXGroup;
			children = (
				45C49FB0305A340C007CE2E9 /* Main.html */,
				45C49FB3305A340C007CE2E9 /* Icon.png */,
				45C49FB5305A340C007CE2E9 /* Style.css */,
				45C49FB7305A340C007CE2E9 /* Script.js */,
			);
			path = Resources;
			sourceTree = "<group>";
		};
		45C49FC9305A340D007CE2E9 /* Safari Gesture Nav Extension */ = {
			isa = PBXGroup;
			children = (
				45C49FD6305A340D007CE2E9 /* Resources */,
				45C49FCA305A340D007CE2E9 /* SafariWebExtensionHandler.swift */,
				45C49FCC305A340D007CE2E9 /* Info.plist */,
			);
			path = "Safari Gesture Nav Extension";
			sourceTree = "<group>";
		};
		45C49FD6305A340D007CE2E9 /* Resources */ = {
			isa = PBXGroup;
			children = (
				45C49FD7305A340D007CE2E9 /* background.js */,
				45C49FD8305A340D007CE2E9 /* images */,
				45C49FD9305A340D007CE2E9 /* manifest.json */,
			);
			name = Resources;
			path = "Safari Gesture Nav Extension";
			sourceTree = SOURCE_ROOT;
		};
/* End PBXGroup section */

/* Begin PBXNativeTarget section */
		45C49FA9305A340C007CE2E9 /* Safari Gesture Nav */ = {
			isa = PBXNativeTarget;
			buildConfigurationList = 45C49FD3305A340D007CE2E9 /* Build configuration list for PBXNativeTarget "Safari Gesture Nav" */;
			buildPhases = (
				45C49FA6305A340C007CE2E9 /* Sources */,
				45C49FA7305A340C007CE2E9 /* Frameworks */,
				45C49FA8305A340C007CE2E9 /* Resources */,
				45C49FD2305A340D007CE2E9 /* Embed Foundation Extensions */,
			);
			buildRules = (
			);
			dependencies = (
				45C49FC8305A340D007CE2E9 /* PBXTargetDependency */,
			);
			name = "Safari Gesture Nav";
			productName = "Safari Gesture Nav";
			productReference = 45C49FAA305A340C007CE2E9 /* Safari Gesture Nav.app */;
			productType = "com.apple.product-type.application";
		};
		45C49FC4305A340D007CE2E9 /* Safari Gesture Nav Extension */ = {
			isa = PBXNativeTarget;
			buildConfigurationList = 45C49FCF305A340D007CE2E9 /* Build configuration list for PBXNativeTarget "Safari Gesture Nav Extension" */;
			buildPhases = (
				45C49FC1305A340D007CE2E9 /* Sources */,
				45C49FC2305A340D007CE2E9 /* Frameworks */,
				45C49FC3305A340D007CE2E9 /* Resources */,
			);
			buildRules = (
			);
			name = "Safari Gesture Nav Extension";
			productName = "Safari Gesture Nav Extension";
			productReference = 45C49FC5305A340D007CE2E9 /* Safari Gesture Nav Extension.appex */;
			productType = "com.apple.product-type.app-extension";
		};
/* End PBXNativeTarget section */

/* Begin PBXProject section */
		45C49FA2305A340C007CE2E9 /* Project object */ = {
			isa = PBXProject;
			attributes = {
				BuildIndependentTargetsInParallel = 1;
				LastSwiftUpdateCheck = 2700;
				LastUpgradeCheck = 2700;
				TargetAttributes = {
					45C49FA9305A340C007CE2E9 = {
						CreatedOnToolsVersion = 27.0;
					};
					45C49FC4305A340D007CE2E9 = {
						CreatedOnToolsVersion = 27.0;
					};
				};
			};
			buildConfigurationList = 45C49FA5305A340C007CE2E9 /* Build configuration list for PBXProject "Safari Gesture Nav" */;
			developmentRegion = en;
			hasScannedForEncodings = 0;
			knownRegions = (
				en,
				Base,
			);
			mainGroup = 45C49FA1305A340C007CE2E9;
			minimizedProjectReferenceProxies = 1;
			preferredProjectObjectVersion = 77;
			productRefGroup = 45C49FAB305A340C007CE2E9 /* Products */;
			projectDirPath = "";
			projectRoot = "";
			targets = (
				45C49FA9305A340C007CE2E9 /* Safari Gesture Nav */,
				45C49FC4305A340D007CE2E9 /* Safari Gesture Nav Extension */,
			);
		};
/* End PBXProject section */

/* Begin PBXResourcesBuildPhase section */
		45C49FA8305A340C007CE2E9 /* Resources */ = {
			isa = PBXResourcesBuildPhase;
			files = (
				45C49FB4305A340C007CE2E9 /* Icon.png in Resources */,
				45C49FBD305A340C007CE2E9 /* Main.storyboard in Resources */,
				45C49FB8305A340C007CE2E9 /* Script.js in Resources */,
				45C49FB2305A340C007CE2E9 /* Main.html in Resources */,
				45C49FBF305A340D007CE2E9 /* Assets.xcassets in Resources */,
				45C49FB6305A340C007CE2E9 /* Style.css in Resources */,
			);
		};
		45C49FC3305A340D007CE2E9 /* Resources */ = {
			isa = PBXResourcesBuildPhase;
			files = (
				45C49FDB305A340D007CE2E9 /* images in Resources */,
				45C49FDC305A340D007CE2E9 /* manifest.json in Resources */,
				45C49FDA305A340D007CE2E9 /* background.js in Resources */,
			);
		};
/* End PBXResourcesBuildPhase section */

/* Begin PBXSourcesBuildPhase section */
		45C49FA6305A340C007CE2E9 /* Sources */ = {
			isa = PBXSourcesBuildPhase;
			files = (
				45C49FBA305A340C007CE2E9 /* ViewController.swift in Sources */,
				45C49FAE305A340C007CE2E9 /* AppDelegate.swift in Sources */,
				45C49FE2305A340D007CE2E9 /* AppLog.swift in Sources */,
				45C49FE4305A340D007CE2E9 /* GestureInput.swift in Sources */,
				45C49FE6305A340D007CE2E9 /* TapRecognizer.swift in Sources */,
				45C49FE8305A340D007CE2E9 /* SafariBridge.swift in Sources */,
				45C49FEA305A340D007CE2E9 /* EventSuppressor.swift in Sources */,
				45C49FEC305A340D007CE2E9 /* GestureEngine.swift in Sources */,
			);
		};
		45C49FC1305A340D007CE2E9 /* Sources */ = {
			isa = PBXSourcesBuildPhase;
			files = (
				45C49FCB305A340D007CE2E9 /* SafariWebExtensionHandler.swift in Sources */,
			);
		};
/* End PBXSourcesBuildPhase section */

/* Begin PBXTargetDependency section */
		45C49FC8305A340D007CE2E9 /* PBXTargetDependency */ = {
			isa = PBXTargetDependency;
			target = 45C49FC4305A340D007CE2E9 /* Safari Gesture Nav Extension */;
			targetProxy = 45C49FC7305A340D007CE2E9 /* PBXContainerItemProxy */;
		};
/* End PBXTargetDependency section */

/* Begin PBXVariantGroup section */
		45C49FB0305A340C007CE2E9 /* Main.html */ = {
			isa = PBXVariantGroup;
			children = (
				45C49FB1305A340C007CE2E9 /* Base */,
			);
			name = Main.html;
			sourceTree = "<group>";
		};
		45C49FBB305A340C007CE2E9 /* Main.storyboard */ = {
			isa = PBXVariantGroup;
			children = (
				45C49FBC305A340C007CE2E9 /* Base */,
			);
			name = Main.storyboard;
			sourceTree = "<group>";
		};
/* End PBXVariantGroup section */

/* Begin XCBuildConfiguration section */
		45C49FCD305A340D007CE2E9 /* Debug configuration for PBXProject "Safari Gesture Nav" */ = {
			isa = XCBuildConfiguration;
			buildSettings = {
				ALWAYS_SEARCH_USER_PATHS = NO;
				ASSETCATALOG_COMPILER_GENERATE_SWIFT_ASSET_SYMBOL_EXTENSIONS = YES;
				CLANG_ANALYZER_NONNULL = YES;
				CLANG_ANALYZER_NUMBER_OBJECT_CONVERSION = YES_AGGRESSIVE;
				CLANG_CXX_LANGUAGE_STANDARD = "gnu++20";
				CLANG_ENABLE_MODULES = YES;
				CLANG_ENABLE_OBJC_ARC = YES;
				CLANG_ENABLE_OBJC_WEAK = YES;
				CLANG_WARN_BLOCK_CAPTURE_AUTORELEASING = YES;
				CLANG_WARN_BOOL_CONVERSION = YES;
				CLANG_WARN_COMMA = YES;
				CLANG_WARN_CONSTANT_CONVERSION = YES;
				CLANG_WARN_DEPRECATED_OBJC_IMPLEMENTATIONS = YES;
				CLANG_WARN_DIRECT_OBJC_ISA_USAGE = YES_ERROR;
				CLANG_WARN_DOCUMENTATION_COMMENTS = YES;
				CLANG_WARN_EMPTY_BODY = YES;
				CLANG_WARN_ENUM_CONVERSION = YES;
				CLANG_WARN_INFINITE_RECURSION = YES;
				CLANG_WARN_INT_CONVERSION = YES;
				CLANG_WARN_NON_LITERAL_NULL_CONVERSION = YES;
				CLANG_WARN_OBJC_IMPLICIT_RETAIN_SELF = YES;
				CLANG_WARN_OBJC_LITERAL_CONVERSION = YES;
				CLANG_WARN_OBJC_ROOT_CLASS = YES_ERROR;
				CLANG_WARN_QUOTED_INCLUDE_IN_FRAMEWORK_HEADER = YES;
				CLANG_WARN_RANGE_LOOP_ANALYSIS = YES;
				CLANG_WARN_STRICT_PROTOTYPES = YES;
				CLANG_WARN_SUSPICIOUS_MOVE = YES;
				CLANG_WARN_UNGUARDED_AVAILABILITY = YES_AGGRESSIVE;
				CLANG_WARN_UNREACHABLE_CODE = YES;
				CLANG_WARN__DUPLICATE_METHOD_MATCH = YES;
				COPY_PHASE_STRIP = NO;
				DEBUG_INFORMATION_FORMAT = dwarf;
				ENABLE_STRICT_OBJC_MSGSEND = YES;
				ENABLE_TESTABILITY = YES;
				ENABLE_USER_SCRIPT_SANDBOXING = YES;
				GCC_C_LANGUAGE_STANDARD = gnu17;
				GCC_DYNAMIC_NO_PIC = NO;
				GCC_NO_COMMON_BLOCKS = YES;
				GCC_OPTIMIZATION_LEVEL = 0;
				GCC_PREPROCESSOR_DEFINITIONS = (
					"DEBUG=1",
					"$(inherited)",
				);
				GCC_WARN_64_TO_32_BIT_CONVERSION = YES;
				GCC_WARN_ABOUT_RETURN_TYPE = YES_ERROR;
				GCC_WARN_UNDECLARED_SELECTOR = YES;
				GCC_WARN_UNINITIALIZED_AUTOS = YES_AGGRESSIVE;
				GCC_WARN_UNUSED_FUNCTION = YES;
				GCC_WARN_UNUSED_VARIABLE = YES;
				LOCALIZATION_PREFERS_STRING_CATALOGS = YES;
				MACOSX_DEPLOYMENT_TARGET = 27.0;
				MTL_ENABLE_DEBUG_INFO = INCLUDE_SOURCE;
				MTL_FAST_MATH = YES;
				ONLY_ACTIVE_ARCH = YES;
				SDKROOT = macosx;
				SWIFT_ACTIVE_COMPILATION_CONDITIONS = "DEBUG $(inherited)";
				SWIFT_OPTIMIZATION_LEVEL = "-Onone";
			};
			name = Debug;
		};
		45C49FCE305A340D007CE2E9 /* Release configuration for PBXProject "Safari Gesture Nav" */ = {
			isa = XCBuildConfiguration;
			buildSettings = {
				ALWAYS_SEARCH_USER_PATHS = NO;
				ASSETCATALOG_COMPILER_GENERATE_SWIFT_ASSET_SYMBOL_EXTENSIONS = YES;
				CLANG_ANALYZER_NONNULL = YES;
				CLANG_ANALYZER_NUMBER_OBJECT_CONVERSION = YES_AGGRESSIVE;
				CLANG_CXX_LANGUAGE_STANDARD = "gnu++20";
				CLANG_ENABLE_MODULES = YES;
				CLANG_ENABLE_OBJC_ARC = YES;
				CLANG_ENABLE_OBJC_WEAK = YES;
				CLANG_WARN_BLOCK_CAPTURE_AUTORELEASING = YES;
				CLANG_WARN_BOOL_CONVERSION = YES;
				CLANG_WARN_COMMA = YES;
				CLANG_WARN_CONSTANT_CONVERSION = YES;
				CLANG_WARN_DEPRECATED_OBJC_IMPLEMENTATIONS = YES;
				CLANG_WARN_DIRECT_OBJC_ISA_USAGE = YES_ERROR;
				CLANG_WARN_DOCUMENTATION_COMMENTS = YES;
				CLANG_WARN_EMPTY_BODY = YES;
				CLANG_WARN_ENUM_CONVERSION = YES;
				CLANG_WARN_INFINITE_RECURSION = YES;
				CLANG_WARN_INT_CONVERSION = YES;
				CLANG_WARN_NON_LITERAL_NULL_CONVERSION = YES;
				CLANG_WARN_OBJC_IMPLICIT_RETAIN_SELF = YES;
				CLANG_WARN_OBJC_LITERAL_CONVERSION = YES;
				CLANG_WARN_OBJC_ROOT_CLASS = YES_ERROR;
				CLANG_WARN_QUOTED_INCLUDE_IN_FRAMEWORK_HEADER = YES;
				CLANG_WARN_RANGE_LOOP_ANALYSIS = YES;
				CLANG_WARN_STRICT_PROTOTYPES = YES;
				CLANG_WARN_SUSPICIOUS_MOVE = YES;
				CLANG_WARN_UNGUARDED_AVAILABILITY = YES_AGGRESSIVE;
				CLANG_WARN_UNREACHABLE_CODE = YES;
				CLANG_WARN__DUPLICATE_METHOD_MATCH = YES;
				COPY_PHASE_STRIP = NO;
				DEBUG_INFORMATION_FORMAT = "dwarf-with-dsym";
				ENABLE_NS_ASSERTIONS = NO;
				ENABLE_STRICT_OBJC_MSGSEND = YES;
				ENABLE_USER_SCRIPT_SANDBOXING = YES;
				GCC_C_LANGUAGE_STANDARD = gnu17;
				GCC_NO_COMMON_BLOCKS = YES;
				GCC_WARN_64_TO_32_BIT_CONVERSION = YES;
				GCC_WARN_ABOUT_RETURN_TYPE = YES_ERROR;
				GCC_WARN_UNDECLARED_SELECTOR = YES;
				GCC_WARN_UNINITIALIZED_AUTOS = YES_AGGRESSIVE;
				GCC_WARN_UNUSED_FUNCTION = YES;
				GCC_WARN_UNUSED_VARIABLE = YES;
				LOCALIZATION_PREFERS_STRING_CATALOGS = YES;
				MACOSX_DEPLOYMENT_TARGET = 27.0;
				MTL_ENABLE_DEBUG_INFO = NO;
				MTL_FAST_MATH = YES;
				SDKROOT = macosx;
				SWIFT_COMPILATION_MODE = wholemodule;
			};
			name = Release;
		};
		45C49FD0305A340D007CE2E9 /* Debug configuration for PBXNativeTarget "Safari Gesture Nav Extension" */ = {
			isa = XCBuildConfiguration;
			buildSettings = {
				CODE_SIGN_STYLE = Automatic;
				CURRENT_PROJECT_VERSION = 1;
				DEVELOPMENT_TEAM = 5Q5QT76MJU;
				ENABLE_APP_SANDBOX = YES;
				ENABLE_HARDENED_RUNTIME = YES;
				ENABLE_USER_SELECTED_FILES = readonly;
				GENERATE_INFOPLIST_FILE = YES;
				INFOPLIST_FILE = "Safari Gesture Nav Extension/Info.plist";
				INFOPLIST_KEY_CFBundleDisplayName = "Safari Gesture Nav";
				INFOPLIST_KEY_NSHumanReadableCopyright = "";
				LD_RUNPATH_SEARCH_PATHS = (
					"$(inherited)",
					"@executable_path/../Frameworks",
					"@executable_path/../../../../Frameworks",
				);
				MACOSX_DEPLOYMENT_TARGET = 12.0;
				MARKETING_VERSION = 1.0;
				OTHER_LDFLAGS = (
					"-framework",
					SafariServices,
				);
				PRODUCT_BUNDLE_IDENTIFIER = dev.eli.safari.gesturenav.Extension;
				PRODUCT_NAME = "$(TARGET_NAME)";
				SKIP_INSTALL = YES;
				STRING_CATALOG_GENERATE_SYMBOLS = YES;
				SWIFT_APPROACHABLE_CONCURRENCY = YES;
				SWIFT_EMIT_LOC_STRINGS = YES;
				SWIFT_UPCOMING_FEATURE_MEMBER_IMPORT_VISIBILITY = YES;
				SWIFT_VERSION = 5.0;
			};
			name = Debug;
		};
		45C49FD1305A340D007CE2E9 /* Release configuration for PBXNativeTarget "Safari Gesture Nav Extension" */ = {
			isa = XCBuildConfiguration;
			buildSettings = {
				CODE_SIGN_STYLE = Automatic;
				CURRENT_PROJECT_VERSION = 1;
				DEVELOPMENT_TEAM = 5Q5QT76MJU;
				ENABLE_APP_SANDBOX = YES;
				ENABLE_HARDENED_RUNTIME = YES;
				ENABLE_USER_SELECTED_FILES = readonly;
				GENERATE_INFOPLIST_FILE = YES;
				INFOPLIST_FILE = "Safari Gesture Nav Extension/Info.plist";
				INFOPLIST_KEY_CFBundleDisplayName = "Safari Gesture Nav";
				INFOPLIST_KEY_NSHumanReadableCopyright = "";
				LD_RUNPATH_SEARCH_PATHS = (
					"$(inherited)",
					"@executable_path/../Frameworks",
					"@executable_path/../../../../Frameworks",
				);
				MACOSX_DEPLOYMENT_TARGET = 12.0;
				MARKETING_VERSION = 1.0;
				OTHER_LDFLAGS = (
					"-framework",
					SafariServices,
				);
				PRODUCT_BUNDLE_IDENTIFIER = dev.eli.safari.gesturenav.Extension;
				PRODUCT_NAME = "$(TARGET_NAME)";
				SKIP_INSTALL = YES;
				STRING_CATALOG_GENERATE_SYMBOLS = YES;
				SWIFT_APPROACHABLE_CONCURRENCY = YES;
				SWIFT_EMIT_LOC_STRINGS = YES;
				SWIFT_UPCOMING_FEATURE_MEMBER_IMPORT_VISIBILITY = YES;
				SWIFT_VERSION = 5.0;
			};
			name = Release;
		};
		45C49FD4305A340D007CE2E9 /* Debug configuration for PBXNativeTarget "Safari Gesture Nav" */ = {
			isa = XCBuildConfiguration;
			buildSettings = {
				ASSETCATALOG_COMPILER_APPICON_NAME = AppIcon;
				ASSETCATALOG_COMPILER_GLOBAL_ACCENT_COLOR_NAME = AccentColor;
				CODE_SIGN_STYLE = Automatic;
				COMBINE_HIDPI_IMAGES = YES;
				CURRENT_PROJECT_VERSION = 1;
				DEVELOPMENT_TEAM = 5Q5QT76MJU;
				ENABLE_APP_SANDBOX = NO;
				ENABLE_HARDENED_RUNTIME = YES;
				ENABLE_OUTGOING_NETWORK_CONNECTIONS = YES;
				ENABLE_USER_SELECTED_FILES = readonly;
				FRAMEWORK_SEARCH_PATHS = (
					"$(inherited)",
					/System/Library/PrivateFrameworks,
				);
				GENERATE_INFOPLIST_FILE = YES;
				INFOPLIST_FILE = "Safari Gesture Nav/Info.plist";
				INFOPLIST_KEY_CFBundleDisplayName = "Safari Gesture Nav Safari";
				INFOPLIST_KEY_LSUIElement = YES;
				INFOPLIST_KEY_NSAppleEventsUsageDescription = "Safari Gesture Nav 需要向 Safari 发送后退和前进命令。";
				INFOPLIST_KEY_NSHumanReadableCopyright = "";
				INFOPLIST_KEY_NSMainStoryboardFile = Main;
				INFOPLIST_KEY_NSPrincipalClass = NSApplication;
				INFOPLIST_KEY_NSViewGestureRecognizerIsExclusive = NO;
				LD_RUNPATH_SEARCH_PATHS = (
					"$(inherited)",
					"@executable_path/../Frameworks",
				);
				MARKETING_VERSION = 1.0;
				OTHER_LDFLAGS = (
					"-framework",
					SafariServices,
					"-framework",
					WebKit,
					"-framework",
					MultitouchSupport,
					"-framework",
					IOKit,
					"-framework",
					ApplicationServices,
				);
				PRODUCT_BUNDLE_IDENTIFIER = dev.eli.safari.gesturenav;
				PRODUCT_NAME = "$(TARGET_NAME)";
				REGISTER_APP_GROUPS = YES;
				STRING_CATALOG_GENERATE_SYMBOLS = YES;
				SWIFT_APPROACHABLE_CONCURRENCY = YES;
				SWIFT_DEFAULT_ACTOR_ISOLATION = nonisolated;
				SWIFT_EMIT_LOC_STRINGS = YES;
				SWIFT_UPCOMING_FEATURE_MEMBER_IMPORT_VISIBILITY = YES;
				SWIFT_VERSION = 5.0;
			};
			name = Debug;
		};
		45C49FD5305A340D007CE2E9 /* Release configuration for PBXNativeTarget "Safari Gesture Nav" */ = {
			isa = XCBuildConfiguration;
			buildSettings = {
				ASSETCATALOG_COMPILER_APPICON_NAME = AppIcon;
				ASSETCATALOG_COMPILER_GLOBAL_ACCENT_COLOR_NAME = AccentColor;
				CODE_SIGN_STYLE = Automatic;
				COMBINE_HIDPI_IMAGES = YES;
				CURRENT_PROJECT_VERSION = 1;
				DEVELOPMENT_TEAM = 5Q5QT76MJU;
				ENABLE_APP_SANDBOX = NO;
				ENABLE_HARDENED_RUNTIME = YES;
				ENABLE_OUTGOING_NETWORK_CONNECTIONS = YES;
				ENABLE_USER_SELECTED_FILES = readonly;
				FRAMEWORK_SEARCH_PATHS = (
					"$(inherited)",
					/System/Library/PrivateFrameworks,
				);
				GENERATE_INFOPLIST_FILE = YES;
				INFOPLIST_FILE = "Safari Gesture Nav/Info.plist";
				INFOPLIST_KEY_CFBundleDisplayName = "Safari Gesture Nav Safari";
				INFOPLIST_KEY_LSUIElement = YES;
				INFOPLIST_KEY_NSAppleEventsUsageDescription = "Safari Gesture Nav 需要向 Safari 发送后退和前进命令。";
				INFOPLIST_KEY_NSHumanReadableCopyright = "";
				INFOPLIST_KEY_NSMainStoryboardFile = Main;
				INFOPLIST_KEY_NSPrincipalClass = NSApplication;
				INFOPLIST_KEY_NSViewGestureRecognizerIsExclusive = NO;
				LD_RUNPATH_SEARCH_PATHS = (
					"$(inherited)",
					"@executable_path/../Frameworks",
				);
				MARKETING_VERSION = 1.0;
				OTHER_LDFLAGS = (
					"-framework",
					SafariServices,
					"-framework",
					WebKit,
					"-framework",
					MultitouchSupport,
					"-framework",
					IOKit,
					"-framework",
					ApplicationServices,
				);
				PRODUCT_BUNDLE_IDENTIFIER = dev.eli.safari.gesturenav;
				PRODUCT_NAME = "$(TARGET_NAME)";
				REGISTER_APP_GROUPS = YES;
				STRING_CATALOG_GENERATE_SYMBOLS = YES;
				SWIFT_APPROACHABLE_CONCURRENCY = YES;
				SWIFT_DEFAULT_ACTOR_ISOLATION = nonisolated;
				SWIFT_EMIT_LOC_STRINGS = YES;
				SWIFT_UPCOMING_FEATURE_MEMBER_IMPORT_VISIBILITY = YES;
				SWIFT_VERSION = 5.0;
			};
			name = Release;
		};
/* End XCBuildConfiguration section */

/* Begin XCConfigurationList section */
		45C49FA5305A340C007CE2E9 /* Build configuration list for PBXProject "Safari Gesture Nav" */ = {
			isa = XCConfigurationList;
			buildConfigurations = (
				45C49FCD305A340D007CE2E9 /* Debug configuration for PBXProject "Safari Gesture Nav" */,
				45C49FCE305A340D007CE2E9 /* Release configuration for PBXProject "Safari Gesture Nav" */,
			);
			defaultConfigurationName = Release;
		};
		45C49FCF305A340D007CE2E9 /* Build configuration list for PBXNativeTarget "Safari Gesture Nav Extension" */ = {
			isa = XCConfigurationList;
			buildConfigurations = (
				45C49FD0305A340D007CE2E9 /* Debug configuration for PBXNativeTarget "Safari Gesture Nav Extension" */,
				45C49FD1305A340D007CE2E9 /* Release configuration for PBXNativeTarget "Safari Gesture Nav Extension" */,
			);
			defaultConfigurationName = Release;
		};
		45C49FD3305A340D007CE2E9 /* Build configuration list for PBXNativeTarget "Safari Gesture Nav" */ = {
			isa = XCConfigurationList;
			buildConfigurations = (
				45C49FD4305A340D007CE2E9 /* Debug configuration for PBXNativeTarget "Safari Gesture Nav" */,
				45C49FD5305A340D007CE2E9 /* Release configuration for PBXNativeTarget "Safari Gesture Nav" */,
			);
			defaultConfigurationName = Release;
		};
/* End XCConfigurationList section */
	};
	rootObject = 45C49FA2305A340C007CE2E9 /* Project object */;
	validationLevel = 1;
}
